
Microsoft Visual Studio Solution File, Format Version 12.00
# Visual Studio Version 17
VisualStudioVersion = 17.10.35004.147
MinimumVisualStudioVersion = 10.0.40219.1
Project("{9A19103F-16F7-4668-BE54-9A1E7A4F7556}") = "My-Store", "My-Store.csproj", "{4975EF8F-6903-4463-BA35-68B0B92F29D1}"
EndProject
Global
	GlobalSection(SolutionConfigurationPlatforms) = preSolution
		Debug|Any CPU = Debug|Any CPU
		Release|Any CPU = Release|Any CPU
	EndGlobalSection
	GlobalSection(ProjectConfigurationPlatforms) = postSolution
		{4975EF8F-6903-4463-BA35-68B0B92F29D1}.Debug|Any CPU.ActiveCfg = Debug|Any CPU
		{4975EF8F-6903-4463-BA35-68B0B92F29D1}.Debug|Any CPU.Build.0 = Debug|Any CPU
		{4975EF8F-6903-4463-BA35-68B0B92F29D1}.Release|Any CPU.ActiveCfg = Release|Any CPU
		{4975EF8F-6903-4463-BA35-68B0B92F29D1}.Release|Any CPU.Build.0 = Release|Any CPU
	EndGlobalSection
	GlobalSection(SolutionProperties) = preSolution
		HideSolutionNode = FALSE
	EndGlobalSection
	GlobalSection(ExtensibilityGlobals) = postSolution
		SolutionGuid = {16303853-164D-4342-81BB-7A2B6446B277}
	EndGlobalSection
EndGlobal
